
Microsoft Visual Studio Solution File, Format Version 12.00
# Visual Studio Version 16
VisualStudioVersion = 16.0.28407.52
MinimumVisualStudioVersion = 10.0.40219.1
Project("{FAE04EC0-301F-11D3-BF4B-00C04F79EFBC}") = "DependencyInjectionExample", "DependencyInjectionExample\DependencyInjectionExample.csproj", "{A70F59E8-0153-4183-B21B-E6A7EC9E8553}"
EndProject
Global
	GlobalSection(SolutionConfigurationPlatforms) = preSolution
		Debug|Any CPU = Debug|Any CPU
		Release|Any CPU = Release|Any CPU
	EndGlobalSection
	GlobalSection(ProjectConfigurationPlatforms) = postSolution
		{A70F59E8-0153-4183-B21B-E6A7EC9E8553}.Debug|Any CPU.ActiveCfg = Debug|Any CPU
		{A70F59E8-0153-4183-B21B-E6A7EC9E8553}.Debug|Any CPU.Build.0 = Debug|Any CPU
		{A70F59E8-0153-4183-B21B-E6A7EC9E8553}.Release|Any CPU.ActiveCfg = Release|Any CPU
		{A70F59E8-0153-4183-B21B-E6A7EC9E8553}.Release|Any CPU.Build.0 = Release|Any CPU
	EndGlobalSection
	GlobalSection(SolutionProperties) = preSolution
		HideSolutionNode = FALSE
	EndGlobalSection
	GlobalSection(ExtensibilityGlobals) = postSolution
		SolutionGuid = {6AAE61CD-5B69-4F52-B5BC-620BBFD097E7}
	EndGlobalSection
EndGlobal
